
Microsoft Visual Studio Solution File, Format Version 12.00
# Visual Studio 2013
VisualStudioVersion = 12.0.30501.0
MinimumVisualStudioVersion = 10.0.40219.1
Project("{2150E333-8FDC-42A3-9474-1A3956D46DE8}") = "4.DB", "4.DB", "{6C032F5F-E60B-4A5F-8574-0D00F03D8AA0}"
EndProject
Project("{FAE04EC0-301F-11D3-BF4B-00C04F79EFBC}") = "OpenSource.DB.Repository", "DB\OpenSource.DB.Repository\OpenSource.DB.Repository.csproj", "{75DA3234-5BF3-40CD-B4FB-42E50F92D39A}"
EndProject
Project("{FAE04EC0-301F-11D3-BF4B-00C04F79EFBC}") = "OpenSource.DB.Repository.Tests", "DB\OpenSource.DB.Repository.Tests\OpenSource.DB.Repository.Tests.csproj", "{4A6245E0-B9B8-4F71-A768-9C594C6DCAD6}"
EndProject
Project("{2150E333-8FDC-42A3-9474-1A3956D46DE8}") = "Helps", "Helps", "{5B62BFDA-B529-46A8-8522-289B75963EE3}"
EndProject
Project("{FAE04EC0-301F-11D3-BF4B-00C04F79EFBC}") = "OpenSource.Helps", "Helps\OpenSource.Helps\OpenSource.Helps.csproj", "{19DFA6B4-1174-42F3-B504-0C2EBD1C12AB}"
EndProject
Project("{2150E333-8FDC-42A3-9474-1A3956D46DE8}") = "Model.Apply", "Model.Apply", "{2A40ECC0-DF35-4E56-8A5D-3158E878D87E}"
EndProject
Project("{FAE04EC0-301F-11D3-BF4B-00C04F79EFBC}") = "OpenSource.Apply", "Model\OpenSource.Apply\OpenSource.Apply.csproj", "{AFFC60CB-FC31-4CCE-B30E-9A536596BFA7}"
EndProject
Project("{2150E333-8FDC-42A3-9474-1A3956D46DE8}") = "3.Services", "3.Services", "{C47C1846-BD39-494E-B0E1-5507A8FA17EE}"
EndProject
Project("{FAE04EC0-301F-11D3-BF4B-00C04F79EFBC}") = "OpenSource.Services", "Services\OpenSource.Services\OpenSource.Services.csproj", "{BBC453C0-A72C-4A54-A940-FD7C9C36C9BF}"
EndProject
Project("{2150E333-8FDC-42A3-9474-1A3956D46DE8}") = "1.Web", "1.Web", "{DE080989-5A06-42E5-8BB8-A1FF8C573BD4}"
EndProject
Project("{2150E333-8FDC-42A3-9474-1A3956D46DE8}") = "2.Aspect", "2.Aspect", "{D2393A5F-3B24-4DF3-8F3B-2B0998F9EAA5}"
EndProject
Project("{2150E333-8FDC-42A3-9474-1A3956D46DE8}") = "Plug", "Plug", "{8E62A602-090A-4765-903E-C991FE59F86C}"
EndProject
Project("{FAE04EC0-301F-11D3-BF4B-00C04F79EFBC}") = "OpenSource.Aspect.Controllers", "Aspect\OpenSource.Aspect.Controllers\OpenSource.Aspect.Controllers.csproj", "{BBDFE32C-6E3E-41BD-8F3B-1C55E47B7C4F}"
EndProject
Project("{FAE04EC0-301F-11D3-BF4B-00C04F79EFBC}") = "OpenSource.IServices", "Services\OpenSource.IServices\OpenSource.IServices.csproj", "{71DDBE0C-B2AB-4F0F-B0FE-9BFAA4A0C064}"
EndProject
Project("{FAE04EC0-301F-11D3-BF4B-00C04F79EFBC}") = "OpenSource.DB.IRepository", "DB\OpenSource.DB.IRepository\OpenSource.DB.IRepository.csproj", "{915C5BD5-C657-44A0-9BBF-4B53C6CCC2A1}"
EndProject
Project("{2150E333-8FDC-42A3-9474-1A3956D46DE8}") = "5.Ioc", "5.Ioc", "{A8A3AE1D-28C0-494E-BD69-767B3A778095}"
EndProject
Project("{FAE04EC0-301F-11D3-BF4B-00C04F79EFBC}") = "IocManager", "Ioc.LightInject\IocManager\IocManager.csproj", "{7187DEA8-5BF8-43B1-B91B-380BA13935CB}"
EndProject
Project("{FAE04EC0-301F-11D3-BF4B-00C04F79EFBC}") = "OpenSource.ICache", "Plug\OpenSource.ICache\OpenSource.ICache.csproj", "{13C8AFEC-7987-41C0-A44A-DBDA34495E3F}"
EndProject
Project("{FAE04EC0-301F-11D3-BF4B-00C04F79EFBC}") = "OpenSource.Cache", "Plug\OpenSource.Cache\OpenSource.Cache.csproj", "{712D1BEA-C2DB-4BEA-B516-97B1A6CF1500}"
EndProject
Project("{FAE04EC0-301F-11D3-BF4B-00C04F79EFBC}") = "OpenSource.Web.Listed", "Web\OpenSource.Web.Listed\OpenSource.Web.Listed.csproj", "{826B0283-9733-48D9-9207-FC80993D42FD}"
EndProject
Project("{FAE04EC0-301F-11D3-BF4B-00C04F79EFBC}") = "OpenSource.Model", "Model\OpenSource.Model\OpenSource.Model.csproj", "{481E0007-3BA7-4459-A041-91ADFC8C3F34}"
EndProject
Global
	GlobalSection(SolutionConfigurationPlatforms) = preSolution
		Debug|Any CPU = Debug|Any CPU
		Release|Any CPU = Release|Any CPU
	EndGlobalSection
	GlobalSection(ProjectConfigurationPlatforms) = postSolution
		{75DA3234-5BF3-40CD-B4FB-42E50F92D39A}.Debug|Any CPU.ActiveCfg = Debug|Any CPU
		{75DA3234-5BF3-40CD-B4FB-42E50F92D39A}.Debug|Any CPU.Build.0 = Debug|Any CPU
		{75DA3234-5BF3-40CD-B4FB-42E50F92D39A}.Release|Any CPU.ActiveCfg = Release|Any CPU
		{75DA3234-5BF3-40CD-B4FB-42E50F92D39A}.Release|Any CPU.Build.0 = Release|Any CPU
		{4A6245E0-B9B8-4F71-A768-9C594C6DCAD6}.Debug|Any CPU.ActiveCfg = Debug|Any CPU
		{4A6245E0-B9B8-4F71-A768-9C594C6DCAD6}.Debug|Any CPU.Build.0 = Debug|Any CPU
		{4A6245E0-B9B8-4F71-A768-9C594C6DCAD6}.Release|Any CPU.ActiveCfg = Release|Any CPU
		{4A6245E0-B9B8-4F71-A768-9C594C6DCAD6}.Release|Any CPU.Build.0 = Release|Any CPU
		{19DFA6B4-1174-42F3-B504-0C2EBD1C12AB}.Debug|Any CPU.ActiveCfg = Debug|Any CPU
		{19DFA6B4-1174-42F3-B504-0C2EBD1C12AB}.Debug|Any CPU.Build.0 = Debug|Any CPU
		{19DFA6B4-1174-42F3-B504-0C2EBD1C12AB}.Release|Any CPU.ActiveCfg = Release|Any CPU
		{19DFA6B4-1174-42F3-B504-0C2EBD1C12AB}.Release|Any CPU.Build.0 = Release|Any CPU
		{AFFC60CB-FC31-4CCE-B30E-9A536596BFA7}.Debug|Any CPU.ActiveCfg = Debug|Any CPU
		{AFFC60CB-FC31-4CCE-B30E-9A536596BFA7}.Debug|Any CPU.Build.0 = Debug|Any CPU
		{AFFC60CB-FC31-4CCE-B30E-9A536596BFA7}.Release|Any CPU.ActiveCfg = Release|Any CPU
		{AFFC60CB-FC31-4CCE-B30E-9A536596BFA7}.Release|Any CPU.Build.0 = Release|Any CPU
		{BBC453C0-A72C-4A54-A940-FD7C9C36C9BF}.Debug|Any CPU.ActiveCfg = Debug|Any CPU
		{BBC453C0-A72C-4A54-A940-FD7C9C36C9BF}.Debug|Any CPU.Build.0 = Debug|Any CPU
		{BBC453C0-A72C-4A54-A940-FD7C9C36C9BF}.Release|Any CPU.ActiveCfg = Release|Any CPU
		{BBC453C0-A72C-4A54-A940-FD7C9C36C9BF}.Release|Any CPU.Build.0 = Release|Any CPU
		{BBDFE32C-6E3E-41BD-8F3B-1C55E47B7C4F}.Debug|Any CPU.ActiveCfg = Debug|Any CPU
		{BBDFE32C-6E3E-41BD-8F3B-1C55E47B7C4F}.Debug|Any CPU.Build.0 = Debug|Any CPU
		{BBDFE32C-6E3E-41BD-8F3B-1C55E47B7C4F}.Release|Any CPU.ActiveCfg = Release|Any CPU
		{BBDFE32C-6E3E-41BD-8F3B-1C55E47B7C4F}.Release|Any CPU.Build.0 = Release|Any CPU
		{71DDBE0C-B2AB-4F0F-B0FE-9BFAA4A0C064}.Debug|Any CPU.ActiveCfg = Debug|Any CPU
		{71DDBE0C-B2AB-4F0F-B0FE-9BFAA4A0C064}.Debug|Any CPU.Build.0 = Debug|Any CPU
		{71DDBE0C-B2AB-4F0F-B0FE-9BFAA4A0C064}.Release|Any CPU.ActiveCfg = Release|Any CPU
		{71DDBE0C-B2AB-4F0F-B0FE-9BFAA4A0C064}.Release|Any CPU.Build.0 = Release|Any CPU
		{915C5BD5-C657-44A0-9BBF-4B53C6CCC2A1}.Debug|Any CPU.ActiveCfg = Debug|Any CPU
		{915C5BD5-C657-44A0-9BBF-4B53C6CCC2A1}.Debug|Any CPU.Build.0 = Debug|Any CPU
		{915C5BD5-C657-44A0-9BBF-4B53C6CCC2A1}.Release|Any CPU.ActiveCfg = Release|Any CPU
		{915C5BD5-C657-44A0-9BBF-4B53C6CCC2A1}.Release|Any CPU.Build.0 = Release|Any CPU
		{7187DEA8-5BF8-43B1-B91B-380BA13935CB}.Debug|Any CPU.ActiveCfg = Debug|Any CPU
		{7187DEA8-5BF8-43B1-B91B-380BA13935CB}.Debug|Any CPU.Build.0 = Debug|Any CPU
		{7187DEA8-5BF8-43B1-B91B-380BA13935CB}.Release|Any CPU.ActiveCfg = Release|Any CPU
		{7187DEA8-5BF8-43B1-B91B-380BA13935CB}.Release|Any CPU.Build.0 = Release|Any CPU
		{13C8AFEC-7987-41C0-A44A-DBDA34495E3F}.Debug|Any CPU.ActiveCfg = Debug|Any CPU
		{13C8AFEC-7987-41C0-A44A-DBDA34495E3F}.Debug|Any CPU.Build.0 = Debug|Any CPU
		{13C8AFEC-7987-41C0-A44A-DBDA34495E3F}.Release|Any CPU.ActiveCfg = Release|Any CPU
		{13C8AFEC-7987-41C0-A44A-DBDA34495E3F}.Release|Any CPU.Build.0 = Release|Any CPU
		{712D1BEA-C2DB-4BEA-B516-97B1A6CF1500}.Debug|Any CPU.ActiveCfg = Debug|Any CPU
		{712D1BEA-C2DB-4BEA-B516-97B1A6CF1500}.Debug|Any CPU.Build.0 = Debug|Any CPU
		{712D1BEA-C2DB-4BEA-B516-97B1A6CF1500}.Release|Any CPU.ActiveCfg = Release|Any CPU
		{712D1BEA-C2DB-4BEA-B516-97B1A6CF1500}.Release|Any CPU.Build.0 = Release|Any CPU
		{826B0283-9733-48D9-9207-FC80993D42FD}.Debug|Any CPU.ActiveCfg = Debug|Any CPU
		{826B0283-9733-48D9-9207-FC80993D42FD}.Debug|Any CPU.Build.0 = Debug|Any CPU
		{826B0283-9733-48D9-9207-FC80993D42FD}.Release|Any CPU.ActiveCfg = Release|Any CPU
		{826B0283-9733-48D9-9207-FC80993D42FD}.Release|Any CPU.Build.0 = Release|Any CPU
		{481E0007-3BA7-4459-A041-91ADFC8C3F34}.Debug|Any CPU.ActiveCfg = Debug|Any CPU
		{481E0007-3BA7-4459-A041-91ADFC8C3F34}.Debug|Any CPU.Build.0 = Debug|Any CPU
		{481E0007-3BA7-4459-A041-91ADFC8C3F34}.Release|Any CPU.ActiveCfg = Release|Any CPU
		{481E0007-3BA7-4459-A041-91ADFC8C3F34}.Release|Any CPU.Build.0 = Release|Any CPU
	EndGlobalSection
	GlobalSection(SolutionProperties) = preSolution
		HideSolutionNode = FALSE
	EndGlobalSection
	GlobalSection(NestedProjects) = preSolution
		{75DA3234-5BF3-40CD-B4FB-42E50F92D39A} = {6C032F5F-E60B-4A5F-8574-0D00F03D8AA0}
		{4A6245E0-B9B8-4F71-A768-9C594C6DCAD6} = {6C032F5F-E60B-4A5F-8574-0D00F03D8AA0}
		{19DFA6B4-1174-42F3-B504-0C2EBD1C12AB} = {5B62BFDA-B529-46A8-8522-289B75963EE3}
		{AFFC60CB-FC31-4CCE-B30E-9A536596BFA7} = {2A40ECC0-DF35-4E56-8A5D-3158E878D87E}
		{BBC453C0-A72C-4A54-A940-FD7C9C36C9BF} = {C47C1846-BD39-494E-B0E1-5507A8FA17EE}
		{BBDFE32C-6E3E-41BD-8F3B-1C55E47B7C4F} = {D2393A5F-3B24-4DF3-8F3B-2B0998F9EAA5}
		{71DDBE0C-B2AB-4F0F-B0FE-9BFAA4A0C064} = {C47C1846-BD39-494E-B0E1-5507A8FA17EE}
		{915C5BD5-C657-44A0-9BBF-4B53C6CCC2A1} = {6C032F5F-E60B-4A5F-8574-0D00F03D8AA0}
		{7187DEA8-5BF8-43B1-B91B-380BA13935CB} = {A8A3AE1D-28C0-494E-BD69-767B3A778095}
		{13C8AFEC-7987-41C0-A44A-DBDA34495E3F} = {8E62A602-090A-4765-903E-C991FE59F86C}
		{712D1BEA-C2DB-4BEA-B516-97B1A6CF1500} = {8E62A602-090A-4765-903E-C991FE59F86C}
		{826B0283-9733-48D9-9207-FC80993D42FD} = {DE080989-5A06-42E5-8BB8-A1FF8C573BD4}
		{481E0007-3BA7-4459-A041-91ADFC8C3F34} = {2A40ECC0-DF35-4E56-8A5D-3158E878D87E}
	EndGlobalSection
EndGlobal
